
Microsoft Visual Studio Solution File, Format Version 12.00
# Visual Studio Version 17
VisualStudioVersion = 17.4.33213.308
MinimumVisualStudioVersion = 10.0.40219.1
Project("{FAE04EC0-301F-11D3-BF4B-00C04F79EFBC}") = "214001004", "214001004.csproj", "{88038486-E2D7-4151-A598-311DA7C5BE9E}"
EndProject
Global
	GlobalSection(SolutionConfigurationPlatforms) = preSolution
		Debug|Any CPU = Debug|Any CPU
		Release|Any CPU = Release|Any CPU
	EndGlobalSection
	GlobalSection(ProjectConfigurationPlatforms) = postSolution
		{88038486-E2D7-4151-A598-311DA7C5BE9E}.Debug|Any CPU.ActiveCfg = Debug|Any CPU
		{88038486-E2D7-4151-A598-311DA7C5BE9E}.Debug|Any CPU.Build.0 = Debug|Any CPU
		{88038486-E2D7-4151-A598-311DA7C5BE9E}.Release|Any CPU.ActiveCfg = Release|Any CPU
		{88038486-E2D7-4151-A598-311DA7C5BE9E}.Release|Any CPU.Build.0 = Release|Any CPU
	EndGlobalSection
	GlobalSection(SolutionProperties) = preSolution
		HideSolutionNode = FALSE
	EndGlobalSection
	GlobalSection(ExtensibilityGlobals) = postSolution
		SolutionGuid = {2C56C7B8-1B65-43C8-BD3D-5F77BE5C9CB4}
	EndGlobalSection
EndGlobal
